
Microsoft Visual Studio Solution File, Format Version 12.00
# Visual Studio Version 16
VisualStudioVersion = 16.0.30907.101
MinimumVisualStudioVersion = 10.0.40219.1
Project("{FAE04EC0-301F-11D3-BF4B-00C04F79EFBC}") = "registros", "registros.csproj", "{ADB22CFD-B874-4B89-A4C1-738E1879CD31}"
EndProject
Global
	GlobalSection(SolutionConfigurationPlatforms) = preSolution
		Debug|Any CPU = Debug|Any CPU
		Release|Any CPU = Release|Any CPU
	EndGlobalSection
	GlobalSection(ProjectConfigurationPlatforms) = postSolution
		{ADB22CFD-B874-4B89-A4C1-738E1879CD31}.Debug|Any CPU.ActiveCfg = Debug|Any CPU
		{ADB22CFD-B874-4B89-A4C1-738E1879CD31}.Debug|Any CPU.Build.0 = Debug|Any CPU
		{ADB22CFD-B874-4B89-A4C1-738E1879CD31}.Release|Any CPU.ActiveCfg = Release|Any CPU
		{ADB22CFD-B874-4B89-A4C1-738E1879CD31}.Release|Any CPU.Build.0 = Release|Any CPU
	EndGlobalSection
	GlobalSection(SolutionProperties) = preSolution
		HideSolutionNode = FALSE
	EndGlobalSection
	GlobalSection(ExtensibilityGlobals) = postSolution
		SolutionGuid = {0C8AA55A-8820-4CCA-8BD0-C113B1A43997}
	EndGlobalSection
EndGlobal
